
Microsoft Visual Studio Solution File, Format Version 12.00
# Visual Studio Version 16
VisualStudioVersion = 16.0.31729.503
MinimumVisualStudioVersion = 10.0.40219.1
Project("{FAE04EC0-301F-11D3-BF4B-00C04F79EFBC}") = "sinama_bufe_satis", "sinama_bufe_satis\sinama_bufe_satis.csproj", "{5D35F28F-B332-4E28-A446-05C74A2851A5}"
EndProject
Global
	GlobalSection(SolutionConfigurationPlatforms) = preSolution
		Debug|Any CPU = Debug|Any CPU
		Release|Any CPU = Release|Any CPU
	EndGlobalSection
	GlobalSection(ProjectConfigurationPlatforms) = postSolution
		{5D35F28F-B332-4E28-A446-05C74A2851A5}.Debug|Any CPU.ActiveCfg = Debug|Any CPU
		{5D35F28F-B332-4E28-A446-05C74A2851A5}.Debug|Any CPU.Build.0 = Debug|Any CPU
		{5D35F28F-B332-4E28-A446-05C74A2851A5}.Release|Any CPU.ActiveCfg = Release|Any CPU
		{5D35F28F-B332-4E28-A446-05C74A2851A5}.Release|Any CPU.Build.0 = Release|Any CPU
	EndGlobalSection
	GlobalSection(SolutionProperties) = preSolution
		HideSolutionNode = FALSE
	EndGlobalSection
	GlobalSection(ExtensibilityGlobals) = postSolution
		SolutionGuid = {1FF1C1FC-860B-432C-AE3A-78EB4E454FA2}
	EndGlobalSection
EndGlobal
